// !$*UTF8*$!
{
	archiveVersion = 1;
	classes = {
	};
	objectVersion = 46;
	objects = {

/* Begin PBXBuildFile section */
		F019424E1AD87C3D003CF715 /* Posture.m in Sources */ = {isa = PBXBuildFile; fileRef = F019424D1AD87C3D003CF715 /* Posture.m */; };
		F02EC6791ADB3927005A24C2 /* sun salutation a.json in Resources */ = {isa = PBXBuildFile; fileRef = F02EC6781ADB3927005A24C2 /* sun salutation a.json */; };
		F07B1AA31AEDA0B700CAD89C /* FlowCVDataSource.m in Sources */ = {isa = PBXBuildFile; fileRef = F07B1AA21AEDA0B700CAD89C /* FlowCVDataSource.m */; };
		F07B1AA61AEDA38D00CAD89C /* FlowCVDelegate.m in Sources */ = {isa = PBXBuildFile; fileRef = F07B1AA51AEDA38D00CAD89C /* FlowCVDelegate.m */; };
		F083C8CC1AEEDA92002F3510 /* FlowCVCell.m in Sources */ = {isa = PBXBuildFile; fileRef = F083C8CB1AEEDA92002F3510 /* FlowCVCell.m */; };
		F083C8CE1AEEDD67002F3510 /* sun salutation a.plist in Resources */ = {isa = PBXBuildFile; fileRef = F083C8CD1AEEDD67002F3510 /* sun salutation a.plist */; };
		F083C8D01AEEDEC8002F3510 /* sun salutation b.plist in Resources */ = {isa = PBXBuildFile; fileRef = F083C8CF1AEEDEC8002F3510 /* sun salutation b.plist */; };
		F083C8E11AF1E6EA002F3510 /* hand to toe pose.plist in Resources */ = {isa = PBXBuildFile; fileRef = F083C8E01AF1E6EA002F3510 /* hand to toe pose.plist */; };
		F083C8E31AF2A955002F3510 /* flows.plist in Resources */ = {isa = PBXBuildFile; fileRef = F083C8E21AF2A955002F3510 /* flows.plist */; };
		F083C8E51AF2AA03002F3510 /* warrior.plist in Resources */ = {isa = PBXBuildFile; fileRef = F083C8E41AF2AA03002F3510 /* warrior.plist */; };
		F083C8E71AF7E659002F3510 /* dandasana.plist in Resources */ = {isa = PBXBuildFile; fileRef = F083C8E61AF7E659002F3510 /* dandasana.plist */; };
		F08DE3E61AE7F93D001B8320 /* Label Colors.plist in Resources */ = {isa = PBXBuildFile; fileRef = F08DE3E51AE7F93D001B8320 /* Label Colors.plist */; };
		F09026801AE05CBA00F92889 /* PracticeCollectionViewController.m in Sources */ = {isa = PBXBuildFile; fileRef = F090267F1AE05CBA00F92889 /* PracticeCollectionViewController.m */; };
		F09026831AE0612300F92889 /* PracticeCollectionViewCell.m in Sources */ = {isa = PBXBuildFile; fileRef = F09026821AE0612300F92889 /* PracticeCollectionViewCell.m */; };
		F09026861AE0636D00F92889 /* PracticeCVLayout.m in Sources */ = {isa = PBXBuildFile; fileRef = F09026851AE0636D00F92889 /* PracticeCVLayout.m */; };
		F09026891AE0B04900F92889 /* PracticeCVDataSource.m in Sources */ = {isa = PBXBuildFile; fileRef = F09026881AE0B04900F92889 /* PracticeCVDataSource.m */; };
		F090268B1AE46D0F00F92889 /* sun salutation b.json in Resources */ = {isa = PBXBuildFile; fileRef = F090268A1AE46D0E00F92889 /* sun salutation b.json */; };
		F0BE9F631AF874D400CF1CCB /* bird of paradise.plist in Resources */ = {isa = PBXBuildFile; fileRef = F0BE9F621AF874D400CF1CCB /* bird of paradise.plist */; };
		F0BE9F661AF8806A00CF1CCB /* CustomColors.m in Sources */ = {isa = PBXBuildFile; fileRef = F0BE9F651AF8806A00CF1CCB /* CustomColors.m */; };
		F0BE9F691AF8966B00CF1CCB /* ModalViewController.m in Sources */ = {isa = PBXBuildFile; fileRef = F0BE9F681AF8966B00CF1CCB /* ModalViewController.m */; };
		F0BE9F6B1AF89B7600CF1CCB /* plow.plist in Resources */ = {isa = PBXBuildFile; fileRef = F0BE9F6A1AF89B7600CF1CCB /* plow.plist */; };
		F0ED8B011AD8643100898BFE /* main.m in Sources */ = {isa = PBXBuildFile; fileRef = F0ED8B001AD8643100898BFE /* main.m */; };
		F0ED8B041AD8643100898BFE /* AppDelegate.m in Sources */ = {isa = PBXBuildFile; fileRef = F0ED8B031AD8643100898BFE /* AppDelegate.m */; };
		F0ED8B0A1AD8643100898BFE /* ViewController.m in Sources */ = {isa = PBXBuildFile; fileRef = F0ED8B091AD8643100898BFE /* ViewController.m */; };
		F0ED8B0D1AD8643100898BFE /* Main.storyboard in Resources */ = {isa = PBXBuildFile; fileRef = F0ED8B0B1AD8643100898BFE /* Main.storyboard */; };
		F0ED8B0F1AD8643100898BFE /* Images.xcassets in Resources */ = {isa = PBXBuildFile; fileRef = F0ED8B0E1AD8643100898BFE /* Images.xcassets */; };
		F0ED8B121AD8643100898BFE /* LaunchScreen.xib in Resources */ = {isa = PBXBuildFile; fileRef = F0ED8B101AD8643100898BFE /* LaunchScreen.xib */; };
		F0ED8B1E1AD8643100898BFE /* YogiTests.m in Sources */ = {isa = PBXBuildFile; fileRef = F0ED8B1D1AD8643100898BFE /* YogiTests.m */; };
		F0ED8B291AD8647000898BFE /* InstructionReader.m in Sources */ = {isa = PBXBuildFile; fileRef = F0ED8B281AD8647000898BFE /* InstructionReader.m */; };
/* End PBXBuildFile section */

/* Begin PBXContainerItemProxy section */
		F0ED8B181AD8643100898BFE /* PBXContainerItemProxy */ = {
			isa = PBXContainerItemProxy;
			containerPortal = F0ED8AF31AD8643100898BFE /* Project object */;
			proxyType = 1;
			remoteGlobalIDString = F0ED8AFA1AD8643100898BFE;
			remoteInfo = Yogi;
		};
/* End PBXContainerItemProxy section */

/* Begin PBXFileReference section */
		5E2A3B2C872A7EB86398E9D7 /* Pods_Yogi.framework */ = {isa = PBXFileReference; explicitFileType = wrapper.framework; includeInIndex = 0; path = Pods_Yogi.framework; sourceTree = BUILT_PRODUCTS_DIR; };
		95277365D9E67C42E29A8BD0 /* Pods-Yogi.release.xcconfig */ = {isa = PBXFileReference; includeInIndex = 1; lastKnownFileType = text.xcconfig; name = "Pods-Yogi.release.xcconfig"; path = "Pods/Target Support Files/Pods-Yogi/Pods-Yogi.release.xcconfig"; sourceTree = "<group>"; };
		BE039ABB00EF3C832ADC9749 /* Pods-Yogi.debug.xcconfig */ = {isa = PBXFileReference; includeInIndex = 1; lastKnownFileType = text.xcconfig; name = "Pods-Yogi.debug.xcconfig"; path = "Pods/Target Support Files/Pods-Yogi/Pods-Yogi.debug.xcconfig"; sourceTree = "<group>"; };
		F019424C1AD87BF0003CF715 /* Posture.h */ = {isa = PBXFileReference; lastKnownFileType = sourcecode.c.h; path = Posture.h; sourceTree = "<group>"; };
		F019424D1AD87C3D003CF715 /* Posture.m */ = {isa = PBXFileReference; fileEncoding = 4; lastKnownFileType = sourcecode.c.objc; path = Posture.m; sourceTree = "<group>"; };
		F02EC6781ADB3927005A24C2 /* sun salutation a.json */ = {isa = PBXFileReference; fileEncoding = 4; lastKnownFileType = text.json; path = "sun salutation a.json"; sourceTree = "<group>"; };
		F07B1AA11AEDA0B700CAD89C /* FlowCVDataSource.h */ = {isa = PBXFileReference; fileEncoding = 4; lastKnownFileType = sourcecode.c.h; path = FlowCVDataSource.h; sourceTree = "<group>"; };
		F07B1AA21AEDA0B700CAD89C /* FlowCVDataSource.m */ = {isa = PBXFileReference; fileEncoding = 4; lastKnownFileType = sourcecode.c.objc; path = FlowCVDataSource.m; sourceTree = "<group>"; };
		F07B1AA41AEDA38D00CAD89C /* FlowCVDelegate.h */ = {isa = PBXFileReference; fileEncoding = 4; lastKnownFileType = sourcecode.c.h; path = FlowCVDelegate.h; sourceTree = "<group>"; };
		F07B1AA51AEDA38D00CAD89C /* FlowCVDelegate.m */ = {isa = PBXFileReference; fileEncoding = 4; lastKnownFileType = sourcecode.c.objc; path = FlowCVDelegate.m; sourceTree = "<group>"; };
		F083C8CA1AEEDA92002F3510 /* FlowCVCell.h */ = {isa = PBXFileReference; fileEncoding = 4; lastKnownFileType = sourcecode.c.h; path = FlowCVCell.h; sourceTree = "<group>"; };
		F083C8CB1AEEDA92002F3510 /* FlowCVCell.m */ = {isa = PBXFileReference; fileEncoding = 4; lastKnownFileType = sourcecode.c.objc; path = FlowCVCell.m; sourceTree = "<group>"; };
		F083C8CD1AEEDD67002F3510 /* sun salutation a.plist */ = {isa = PBXFileReference; fileEncoding = 4; lastKnownFileType = text.plist.xml; path = "sun salutation a.plist"; sourceTree = "<group>"; };
		F083C8CF1AEEDEC8002F3510 /* sun salutation b.plist */ = {isa = PBXFileReference; fileEncoding = 4; lastKnownFileType = text.plist.xml; path = "sun salutation b.plist"; sourceTree = "<group>"; };
		F083C8D41AEFF270002F3510 /* pop.framework */ = {isa = PBXFileReference; lastKnownFileType = wrapper.framework; name = pop.framework; path = "Pods/../build/Debug-iphoneos/Pods-Yogi/pop.framework"; sourceTree = "<group>"; };
		F083C8E01AF1E6EA002F3510 /* hand to toe pose.plist */ = {isa = PBXFileReference; fileEncoding = 4; lastKnownFileType = text.plist.xml; path = "hand to toe pose.plist"; sourceTree = "<group>"; };
		F083C8E21AF2A955002F3510 /* flows.plist */ = {isa = PBXFileReference; fileEncoding = 4; lastKnownFileType = text.plist.xml; path = flows.plist; sourceTree = "<group>"; };
		F083C8E41AF2AA03002F3510 /* warrior.plist */ = {isa = PBXFileReference; fileEncoding = 4; lastKnownFileType = text.plist.xml; path = warrior.plist; sourceTree = "<group>"; };
		F083C8E61AF7E659002F3510 /* dandasana.plist */ = {isa = PBXFileReference; fileEncoding = 4; lastKnownFileType = text.plist.xml; path = dandasana.plist; sourceTree = "<group>"; };
		F08DE3E51AE7F93D001B8320 /* Label Colors.plist */ = {isa = PBXFileReference; fileEncoding = 4; lastKnownFileType = text.plist.xml; path = "Label Colors.plist"; sourceTree = "<group>"; };
		F090267E1AE05CBA00F92889 /* PracticeCollectionViewController.h */ = {isa = PBXFileReference; fileEncoding = 4; lastKnownFileType = sourcecode.c.h; name = PracticeCollectionViewController.h; path = ../PracticeCollectionViewController.h; sourceTree = "<group>"; };
		F090267F1AE05CBA00F92889 /* PracticeCollectionViewController.m */ = {isa = PBXFileReference; fileEncoding = 4; lastKnownFileType = sourcecode.c.objc; name = PracticeCollectionViewController.m; path = ../PracticeCollectionViewController.m; sourceTree = "<group>"; };
		F09026811AE0612300F92889 /* PracticeCollectionViewCell.h */ = {isa = PBXFileReference; fileEncoding = 4; lastKnownFileType = sourcecode.c.h; path = PracticeCollectionViewCell.h; sourceTree = "<group>"; };
		F09026821AE0612300F92889 /* PracticeCollectionViewCell.m */ = {isa = PBXFileReference; fileEncoding = 4; lastKnownFileType = sourcecode.c.objc; path = PracticeCollectionViewCell.m; sourceTree = "<group>"; };
		F09026841AE0636D00F92889 /* PracticeCVLayout.h */ = {isa = PBXFileReference; fileEncoding = 4; lastKnownFileType = sourcecode.c.h; path = PracticeCVLayout.h; sourceTree = "<group>"; };
		F09026851AE0636D00F92889 /* PracticeCVLayout.m */ = {isa = PBXFileReference; fileEncoding = 4; lastKnownFileType = sourcecode.c.objc; path = PracticeCVLayout.m; sourceTree = "<group>"; };
		F09026871AE0B04900F92889 /* PracticeCVDataSource.h */ = {isa = PBXFileReference; fileEncoding = 4; lastKnownFileType = sourcecode.c.h; path = PracticeCVDataSource.h; sourceTree = "<group>"; };
		F09026881AE0B04900F92889 /* PracticeCVDataSource.m */ = {isa = PBXFileReference; fileEncoding = 4; lastKnownFileType = sourcecode.c.objc; path = PracticeCVDataSource.m; sourceTree = "<group>"; };
		F090268A1AE46D0E00F92889 /* sun salutation b.json */ = {isa = PBXFileReference; fileEncoding = 4; lastKnownFileType = text.json; path = "sun salutation b.json"; sourceTree = "<group>"; };
		F0BE9F621AF874D400CF1CCB /* bird of paradise.plist */ = {isa = PBXFileReference; fileEncoding = 4; lastKnownFileType = text.plist.xml; path = "bird of paradise.plist"; sourceTree = "<group>"; };
		F0BE9F641AF8806A00CF1CCB /* CustomColors.h */ = {isa = PBXFileReference; fileEncoding = 4; lastKnownFileType = sourcecode.c.h; path = CustomColors.h; sourceTree = "<group>"; };
		F0BE9F651AF8806A00CF1CCB /* CustomColors.m */ = {isa = PBXFileReference; fileEncoding = 4; lastKnownFileType = sourcecode.c.objc; path = CustomColors.m; sourceTree = "<group>"; };
		F0BE9F671AF8966B00CF1CCB /* ModalViewController.h */ = {isa = PBXFileReference; fileEncoding = 4; lastKnownFileType = sourcecode.c.h; path = ModalViewController.h; sourceTree = "<group>"; };
		F0BE9F681AF8966B00CF1CCB /* ModalViewController.m */ = {isa = PBXFileReference; fileEncoding = 4; lastKnownFileType = sourcecode.c.objc; path = ModalViewController.m; sourceTree = "<group>"; };
		F0BE9F6A1AF89B7600CF1CCB /* plow.plist */ = {isa = PBXFileReference; fileEncoding = 4; lastKnownFileType = text.plist.xml; path = plow.plist; sourceTree = "<group>"; };
		F0ED8AFB1AD8643100898BFE /* Yogi.app */ = {isa = PBXFileReference; explicitFileType = wrapper.application; includeInIndex = 0; path = Yogi.app; sourceTree = BUILT_PRODUCTS_DIR; };
		F0ED8AFF1AD8643100898BFE /* Info.plist */ = {isa = PBXFileReference; lastKnownFileType = text.plist.xml; path = Info.plist; sourceTree = "<group>"; };
		F0ED8B001AD8643100898BFE /* main.m */ = {isa = PBXFileReference; lastKnownFileType = sourcecode.c.objc; path = main.m; sourceTree = "<group>"; };
		F0ED8B021AD8643100898BFE /* AppDelegate.h */ = {isa = PBXFileReference; lastKnownFileType = sourcecode.c.h; path = AppDelegate.h; sourceTree = "<group>"; };
		F0ED8B031AD8643100898BFE /* AppDelegate.m */ = {isa = PBXFileReference; lastKnownFileType = sourcecode.c.objc; path = AppDelegate.m; sourceTree = "<group>"; };
		F0ED8B081AD8643100898BFE /* ViewController.h */ = {isa = PBXFileReference; lastKnownFileType = sourcecode.c.h; path = ViewController.h; sourceTree = "<group>"; };
		F0ED8B091AD8643100898BFE /* ViewController.m */ = {isa = PBXFileReference; lastKnownFileType = sourcecode.c.objc; path = ViewController.m; sourceTree = "<group>"; };
		F0ED8B0C1AD8643100898BFE /* Base */ = {isa = PBXFileReference; lastKnownFileType = file.storyboard; name = Base; path = Base.lproj/Main.storyboard; sourceTree = "<group>"; };
		F0ED8B0E1AD8643100898BFE /* Images.xcassets */ = {isa = PBXFileReference; lastKnownFileType = folder.assetcatalog; path = Images.xcassets; sourceTree = "<group>"; };
		F0ED8B111AD8643100898BFE /* Base */ = {isa = PBXFileReference; lastKnownFileType = file.xib; name = Base; path = Base.lproj/LaunchScreen.xib; sourceTree = "<group>"; };
		F0ED8B171AD8643100898BFE /* YogiTests.xctest */ = {isa = PBXFileReference; explicitFileType = wrapper.cfbundle; includeInIndex = 0; path = YogiTests.xctest; sourceTree = BUILT_PRODUCTS_DIR; };
		F0ED8B1C1AD8643100898BFE /* Info.plist */ = {isa = PBXFileReference; lastKnownFileType = text.plist.xml; path = Info.plist; sourceTree = "<group>"; };
		F0ED8B1D1AD8643100898BFE /* YogiTests.m */ = {isa = PBXFileReference; lastKnownFileType = sourcecode.c.objc; path = YogiTests.m; sourceTree = "<group>"; };
		F0ED8B271AD8645300898BFE /* InstructionReader.h */ = {isa = PBXFileReference; lastKnownFileType = sourcecode.c.h; name = InstructionReader.h; path = ../InstructionReader.h; sourceTree = "<group>"; };
		F0ED8B281AD8647000898BFE /* InstructionReader.m */ = {isa = PBXFileReference; fileEncoding = 4; lastKnownFileType = sourcecode.c.objc; path = InstructionReader.m; sourceTree = "<group>"; };
/* End PBXFileReference section */

/* Begin PBXFrameworksBuildPhase section */
		F0ED8AF81AD8643100898BFE /* Frameworks */ = {
			isa = PBXFrameworksBuildPhase;
			buildActionMask = 2147483647;
			files = (
			);
			runOnlyForDeploymentPostprocessing = 0;
		};
		F0ED8B141AD8643100898BFE /* Frameworks */ = {
			isa = PBXFrameworksBuildPhase;
			buildActionMask = 2147483647;
			files = (
			);
			runOnlyForDeploymentPostprocessing = 0;
		};
/* End PBXFrameworksBuildPhase section */

/* Begin PBXGroup section */
		97ACE6958E422EFCE2116BEA /* Pods */ = {
			isa = PBXGroup;
			children = (
				BE039ABB00EF3C832ADC9749 /* Pods-Yogi.debug.xcconfig */,
				95277365D9E67C42E29A8BD0 /* Pods-Yogi.release.xcconfig */,
			);
			name = Pods;
			sourceTree = "<group>";
		};
		F07B1AA71AEDAD8F00CAD89C /* View Controllers */ = {
			isa = PBXGroup;
			children = (
				F090267E1AE05CBA00F92889 /* PracticeCollectionViewController.h */,
				F090267F1AE05CBA00F92889 /* PracticeCollectionViewController.m */,
				F0ED8B081AD8643100898BFE /* ViewController.h */,
				F0ED8B091AD8643100898BFE /* ViewController.m */,
			);
			name = "View Controllers";
			sourceTree = "<group>";
		};
		F083C8D91AF146C0002F3510 /* App Delegate */ = {
			isa = PBXGroup;
			children = (
				F0ED8B021AD8643100898BFE /* AppDelegate.h */,
				F0ED8B031AD8643100898BFE /* AppDelegate.m */,
			);
			name = "App Delegate";
			sourceTree = "<group>";
		};
		F090268C1AE470B300F92889 /* Resources */ = {
			isa = PBXGroup;
			children = (
				F0BE9F621AF874D400CF1CCB /* bird of paradise.plist */,
				F083C8CF1AEEDEC8002F3510 /* sun salutation b.plist */,
				F090268A1AE46D0E00F92889 /* sun salutation b.json */,
				F02EC6781ADB3927005A24C2 /* sun salutation a.json */,
				F083C8CD1AEEDD67002F3510 /* sun salutation a.plist */,
				F08DE3E51AE7F93D001B8320 /* Label Colors.plist */,
				F083C8E01AF1E6EA002F3510 /* hand to toe pose.plist */,
				F083C8E21AF2A955002F3510 /* flows.plist */,
				F0BE9F6A1AF89B7600CF1CCB /* plow.plist */,
				F083C8E61AF7E659002F3510 /* dandasana.plist */,
				F083C8E41AF2AA03002F3510 /* warrior.plist */,
			);
			name = Resources;
			sourceTree = "<group>";
		};
		F0ED8AF21AD8643100898BFE = {
			isa = PBXGroup;
			children = (
				F0ED8AFD1AD8643100898BFE /* Yogi */,
				F0ED8B1A1AD8643100898BFE /* YogiTests */,
				F0ED8AFC1AD8643100898BFE /* Products */,
				97ACE6958E422EFCE2116BEA /* Pods */,
				F7A574626DA91DB9FA911F24 /* Frameworks */,
			);
			sourceTree = "<group>";
		};
		F0ED8AFC1AD8643100898BFE /* Products */ = {
			isa = PBXGroup;
			children = (
				F0ED8AFB1AD8643100898BFE /* Yogi.app */,
				F0ED8B171AD8643100898BFE /* YogiTests.xctest */,
			);
			name = Products;
			sourceTree = "<group>";
		};
		F0ED8AFD1AD8643100898BFE /* Yogi */ = {
			isa = PBXGroup;
			children = (
				F090268C1AE470B300F92889 /* Resources */,
				F0ED8B271AD8645300898BFE /* InstructionReader.h */,
				F0ED8B281AD8647000898BFE /* InstructionReader.m */,
				F083C8D91AF146C0002F3510 /* App Delegate */,
				F07B1AA71AEDAD8F00CAD89C /* View Controllers */,
				F019424C1AD87BF0003CF715 /* Posture.h */,
				F019424D1AD87C3D003CF715 /* Posture.m */,
				F0ED8B0B1AD8643100898BFE /* Main.storyboard */,
				F09026811AE0612300F92889 /* PracticeCollectionViewCell.h */,
				F09026821AE0612300F92889 /* PracticeCollectionViewCell.m */,
				F0BE9F641AF8806A00CF1CCB /* CustomColors.h */,
				F0BE9F651AF8806A00CF1CCB /* CustomColors.m */,
				F09026841AE0636D00F92889 /* PracticeCVLayout.h */,
				F09026851AE0636D00F92889 /* PracticeCVLayout.m */,
				F09026871AE0B04900F92889 /* PracticeCVDataSource.h */,
				F09026881AE0B04900F92889 /* PracticeCVDataSource.m */,
				F07B1AA11AEDA0B700CAD89C /* FlowCVDataSource.h */,
				F07B1AA21AEDA0B700CAD89C /* FlowCVDataSource.m */,
				F083C8CA1AEEDA92002F3510 /* FlowCVCell.h */,
				F083C8CB1AEEDA92002F3510 /* FlowCVCell.m */,
				F07B1AA41AEDA38D00CAD89C /* FlowCVDelegate.h */,
				F07B1AA51AEDA38D00CAD89C /* FlowCVDelegate.m */,
				F0BE9F671AF8966B00CF1CCB /* ModalViewController.h */,
				F0BE9F681AF8966B00CF1CCB /* ModalViewController.m */,
				F0ED8B0E1AD8643100898BFE /* Images.xcassets */,
				F0ED8B101AD8643100898BFE /* LaunchScreen.xib */,
				F0ED8AFE1AD8643100898BFE /* Supporting Files */,
			);
			path = Yogi;
			sourceTree = "<group>";
		};
		F0ED8AFE1AD8643100898BFE /* Supporting Files */ = {
			isa = PBXGroup;
			children = (
				F0ED8AFF1AD8643100898BFE /* Info.plist */,
				F0ED8B001AD8643100898BFE /* main.m */,
			);
			name = "Supporting Files";
			sourceTree = "<group>";
		};
		F0ED8B1A1AD8643100898BFE /* YogiTests */ = {
			isa = PBXGroup;
			children = (
				F0ED8B1D1AD8643100898BFE /* YogiTests.m */,
				F0ED8B1B1AD8643100898BFE /* Supporting Files */,
			);
			path = YogiTests;
			sourceTree = "<group>";
		};
		F0ED8B1B1AD8643100898BFE /* Supporting Files */ = {
			isa = PBXGroup;
			children = (
				F0ED8B1C1AD8643100898BFE /* Info.plist */,
			);
			name = "Supporting Files";
			sourceTree = "<group>";
		};
		F7A574626DA91DB9FA911F24 /* Frameworks */ = {
			isa = PBXGroup;
			children = (
				F083C8D41AEFF270002F3510 /* pop.framework */,
				5E2A3B2C872A7EB86398E9D7 /* Pods_Yogi.framework */,
			);
			name = Frameworks;
			sourceTree = "<group>";
		};
/* End PBXGroup section */

/* Begin PBXNativeTarget section */
		F0ED8AFA1AD8643100898BFE /* Yogi */ = {
			isa = PBXNativeTarget;
			buildConfigurationList = F0ED8B211AD8643100898BFE /* Build configuration list for PBXNativeTarget "Yogi" */;
			buildPhases = (
				7995423D2DAC5A1634E6DE64 /* Check Pods Manifest.lock */,
				F0ED8AF71AD8643100898BFE /* Sources */,
				F0ED8AF81AD8643100898BFE /* Frameworks */,
				F0ED8AF91AD8643100898BFE /* Resources */,
				FEBFD218DB83D7AFA85DFB76 /* Embed Pods Frameworks */,
				7FEE85227A6C3F4C09A8C41C /* Copy Pods Resources */,
			);
			buildRules = (
			);
			dependencies = (
			);
			name = Yogi;
			productName = Yogi;
			productReference = F0ED8AFB1AD8643100898BFE /* Yogi.app */;
			productType = "com.apple.product-type.application";
		};
		F0ED8B161AD8643100898BFE /* YogiTests */ = {
			isa = PBXNativeTarget;
			buildConfigurationList = F0ED8B241AD8643100898BFE /* Build configuration list for PBXNativeTarget "YogiTests" */;
			buildPhases = (
				F0ED8B131AD8643100898BFE /* Sources */,
				F0ED8B141AD8643100898BFE /* Frameworks */,
				F0ED8B151AD8643100898BFE /* Resources */,
			);
			buildRules = (
			);
			dependencies = (
				F0ED8B191AD8643100898BFE /* PBXTargetDependency */,
			);
			name = YogiTests;
			productName = YogiTests;
			productReference = F0ED8B171AD8643100898BFE /* YogiTests.xctest */;
			productType = "com.apple.product-type.bundle.unit-test";
		};
/* End PBXNativeTarget section */

/* Begin PBXProject section */
		F0ED8AF31AD8643100898BFE /* Project object */ = {
			isa = PBXProject;
			attributes = {
				LastUpgradeCheck = 0630;
				ORGANIZATIONNAME = "Kelsey Mayfield";
				TargetAttributes = {
					F0ED8AFA1AD8643100898BFE = {
						CreatedOnToolsVersion = 6.3;
					};
					F0ED8B161AD8643100898BFE = {
						CreatedOnToolsVersion = 6.3;
						TestTargetID = F0ED8AFA1AD8643100898BFE;
					};
				};
			};
			buildConfigurationList = F0ED8AF61AD8643100898BFE /* Build configuration list for PBXProject "Yogi" */;
			compatibilityVersion = "Xcode 3.2";
			developmentRegion = English;
			hasScannedForEncodings = 0;
			knownRegions = (
				en,
				Base,
			);
			mainGroup = F0ED8AF21AD8643100898BFE;
			productRefGroup = F0ED8AFC1AD8643100898BFE /* Products */;
			projectDirPath = "";
			projectRoot = "";
			targets = (
				F0ED8AFA1AD8643100898BFE /* Yogi */,
				F0ED8B161AD8643100898BFE /* YogiTests */,
			);
		};
/* End PBXProject section */

/* Begin PBXResourcesBuildPhase section */
		F0ED8AF91AD8643100898BFE /* Resources */ = {
			isa = PBXResourcesBuildPhase;
			buildActionMask = 2147483647;
			files = (
				F0BE9F631AF874D400CF1CCB /* bird of paradise.plist in Resources */,
				F083C8E71AF7E659002F3510 /* dandasana.plist in Resources */,
				F083C8CE1AEEDD67002F3510 /* sun salutation a.plist in Resources */,
				F02EC6791ADB3927005A24C2 /* sun salutation a.json in Resources */,
				F083C8E31AF2A955002F3510 /* flows.plist in Resources */,
				F090268B1AE46D0F00F92889 /* sun salutation b.json in Resources */,
				F0BE9F6B1AF89B7600CF1CCB /* plow.plist in Resources */,
				F0ED8B0D1AD8643100898BFE /* Main.storyboard in Resources */,
				F083C8E11AF1E6EA002F3510 /* hand to toe pose.plist in Resources */,
				F083C8E51AF2AA03002F3510 /* warrior.plist in Resources */,
				F083C8D01AEEDEC8002F3510 /* sun salutation b.plist in Resources */,
				F0ED8B121AD8643100898BFE /* LaunchScreen.xib in Resources */,
				F08DE3E61AE7F93D001B8320 /* Label Colors.plist in Resources */,
				F0ED8B0F1AD8643100898BFE /* Images.xcassets in Resources */,
			);
			runOnlyForDeploymentPostprocessing = 0;
		};
		F0ED8B151AD8643100898BFE /* Resources */ = {
			isa = PBXResourcesBuildPhase;
			buildActionMask = 2147483647;
			files = (
			);
			runOnlyForDeploymentPostprocessing = 0;
		};
/* End PBXResourcesBuildPhase section */

/* Begin PBXShellScriptBuildPhase section */
		7995423D2DAC5A1634E6DE64 /* Check Pods Manifest.lock */ = {
			isa = PBXShellScriptBuildPhase;
			buildActionMask = 2147483647;
			files = (
			);
			inputPaths = (
			);
			name = "Check Pods Manifest.lock";
			outputPaths = (
			);
			runOnlyForDeploymentPostprocessing = 0;
			shellPath = /bin/sh;
			shellScript = "diff \"${PODS_ROOT}/../Podfile.lock\" \"${PODS_ROOT}/Manifest.lock\" > /dev/null\nif [[ $? != 0 ]] ; then\n    cat << EOM\nerror: The sandbox is not in sync with the Podfile.lock. Run 'pod install' or update your CocoaPods installation.\nEOM\n    exit 1\nfi\n";
			showEnvVarsInLog = 0;
		};
		7FEE85227A6C3F4C09A8C41C /* Copy Pods Resources */ = {
			isa = PBXShellScriptBuildPhase;
			buildActionMask = 2147483647;
			files = (
			);
			inputPaths = (
			);
			name = "Copy Pods Resources";
			outputPaths = (
			);
			runOnlyForDeploymentPostprocessing = 0;
			shellPath = /bin/sh;
			shellScript = "\"${SRCROOT}/Pods/Target Support Files/Pods-Yogi/Pods-Yogi-resources.sh\"\n";
			showEnvVarsInLog = 0;
		};
		FEBFD218DB83D7AFA85DFB76 /* Embed Pods Frameworks */ = {
			isa = PBXShellScriptBuildPhase;
			buildActionMask = 2147483647;
			files = (
			);
			inputPaths = (
			);
			name = "Embed Pods Frameworks";
			outputPaths = (
			);
			runOnlyForDeploymentPostprocessing = 0;
			shellPath = /bin/sh;
			shellScript = "\"${SRCROOT}/Pods/Target Support Files/Pods-Yogi/Pods-Yogi-frameworks.sh\"\n";
			showEnvVarsInLog = 0;
		};
/* End PBXShellScriptBuildPhase section */

/* Begin PBXSourcesBuildPhase section */
		F0ED8AF71AD8643100898BFE /* Sources */ = {
			isa = PBXSourcesBuildPhase;
			buildActionMask = 2147483647;
			files = (
				F09026891AE0B04900F92889 /* PracticeCVDataSource.m in Sources */,
				F019424E1AD87C3D003CF715 /* Posture.m in Sources */,
				F0BE9F691AF8966B00CF1CCB /* ModalViewController.m in Sources */,
				F09026831AE0612300F92889 /* PracticeCollectionViewCell.m in Sources */,
				F0ED8B041AD8643100898BFE /* AppDelegate.m in Sources */,
				F09026861AE0636D00F92889 /* PracticeCVLayout.m in Sources */,
				F07B1AA31AEDA0B700CAD89C /* FlowCVDataSource.m in Sources */,
				F0ED8B291AD8647000898BFE /* InstructionReader.m in Sources */,
				F09026801AE05CBA00F92889 /* PracticeCollectionViewController.m in Sources */,
				F0BE9F661AF8806A00CF1CCB /* CustomColors.m in Sources */,
				F083C8CC1AEEDA92002F3510 /* FlowCVCell.m in Sources */,
				F0ED8B0A1AD8643100898BFE /* ViewController.m in Sources */,
				F0ED8B011AD8643100898BFE /* main.m in Sources */,
				F07B1AA61AEDA38D00CAD89C /* FlowCVDelegate.m in Sources */,
			);
			runOnlyForDeploymentPostprocessing = 0;
		};
		F0ED8B131AD8643100898BFE /* Sources */ = {
			isa = PBXSourcesBuildPhase;
			buildActionMask = 2147483647;
			files = (
				F0ED8B1E1AD8643100898BFE /* YogiTests.m in Sources */,
			);
			runOnlyForDeploymentPostprocessing = 0;
		};
/* End PBXSourcesBuildPhase section */

/* Begin PBXTargetDependency section */
		F0ED8B191AD8643100898BFE /* PBXTargetDependency */ = {
			isa = PBXTargetDependency;
			target = F0ED8AFA1AD8643100898BFE /* Yogi */;
			targetProxy = F0ED8B181AD8643100898BFE /* PBXContainerItemProxy */;
		};
/* End PBXTargetDependency section */

/* Begin PBXVariantGroup section */
		F0ED8B0B1AD8643100898BFE /* Main.storyboard */ = {
			isa = PBXVariantGroup;
			children = (
				F0ED8B0C1AD8643100898BFE /* Base */,
			);
			name = Main.storyboard;
			sourceTree = "<group>";
		};
		F0ED8B101AD8643100898BFE /* LaunchScreen.xib */ = {
			isa = PBXVariantGroup;
			children = (
				F0ED8B111AD8643100898BFE /* Base */,
			);
			name = LaunchScreen.xib;
			sourceTree = "<group>";
		};
/* End PBXVariantGroup section */

/* Begin XCBuildConfiguration section */
		F0ED8B1F1AD8643100898BFE /* Debug */ = {
			isa = XCBuildConfiguration;
			buildSettings = {
				ALWAYS_SEARCH_USER_PATHS = NO;
				CLANG_CXX_LANGUAGE_STANDARD = "gnu++0x";
				CLANG_CXX_LIBRARY = "libc++";
				CLANG_ENABLE_MODULES = YES;
				CLANG_ENABLE_OBJC_ARC = YES;
				CLANG_WARN_BOOL_CONVERSION = YES;
				CLANG_WARN_CONSTANT_CONVERSION = YES;
				CLANG_WARN_DIRECT_OBJC_ISA_USAGE = YES_ERROR;
				CLANG_WARN_EMPTY_BODY = YES;
				CLANG_WARN_ENUM_CONVERSION = YES;
				CLANG_WARN_INT_CONVERSION = YES;
				CLANG_WARN_OBJC_ROOT_CLASS = YES_ERROR;
				CLANG_WARN_UNREACHABLE_CODE = YES;
				CLANG_WARN__DUPLICATE_METHOD_MATCH = YES;
				"CODE_SIGN_IDENTITY[sdk=iphoneos*]" = "iPhone Developer";
				COPY_PHASE_STRIP = NO;
				DEBUG_INFORMATION_FORMAT = "dwarf-with-dsym";
				ENABLE_STRICT_OBJC_MSGSEND = YES;
				GCC_C_LANGUAGE_STANDARD = gnu99;
				GCC_DYNAMIC_NO_PIC = NO;
				GCC_NO_COMMON_BLOCKS = YES;
				GCC_OPTIMIZATION_LEVEL = 0;
				GCC_PREPROCESSOR_DEFINITIONS = (
					"DEBUG=1",
					"$(inherited)",
				);
				GCC_SYMBOLS_PRIVATE_EXTERN = NO;
				GCC_WARN_64_TO_32_BIT_CONVERSION = YES;
				GCC_WARN_ABOUT_RETURN_TYPE = YES_ERROR;
				GCC_WARN_UNDECLARED_SELECTOR = YES;
				GCC_WARN_UNINITIALIZED_AUTOS = YES_AGGRESSIVE;
				GCC_WARN_UNUSED_FUNCTION = YES;
				GCC_WARN_UNUSED_VARIABLE = YES;
				IPHONEOS_DEPLOYMENT_TARGET = 8.3;
				MTL_ENABLE_DEBUG_INFO = YES;
				ONLY_ACTIVE_ARCH = YES;
				SDKROOT = iphoneos;
				TARGETED_DEVICE_FAMILY = "1,2";
			};
			name = Debug;
		};
		F0ED8B201AD8643100898BFE /* Release */ = {
			isa = XCBuildConfiguration;
			buildSettings = {
				ALWAYS_SEARCH_USER_PATHS = NO;
				CLANG_CXX_LANGUAGE_STANDARD = "gnu++0x";
				CLANG_CXX_LIBRARY = "libc++";
				CLANG_ENABLE_MODULES = YES;
				CLANG_ENABLE_OBJC_ARC = YES;
				CLANG_WARN_BOOL_CONVERSION = YES;
				CLANG_WARN_CONSTANT_CONVERSION = YES;
				CLANG_WARN_DIRECT_OBJC_ISA_USAGE = YES_ERROR;
				CLANG_WARN_EMPTY_BODY = YES;
				CLANG_WARN_ENUM_CONVERSION = YES;
				CLANG_WARN_INT_CONVERSION = YES;
				CLANG_WARN_OBJC_ROOT_CLASS = YES_ERROR;
				CLANG_WARN_UNREACHABLE_CODE = YES;
				CLANG_WARN__DUPLICATE_METHOD_MATCH = YES;
				"CODE_SIGN_IDENTITY[sdk=iphoneos*]" = "iPhone Developer";
				COPY_PHASE_STRIP = NO;
				DEBUG_INFORMATION_FORMAT = "dwarf-with-dsym";
				ENABLE_NS_ASSERTIONS = NO;
				ENABLE_STRICT_OBJC_MSGSEND = YES;
				GCC_C_LANGUAGE_STANDARD = gnu99;
				GCC_NO_COMMON_BLOCKS = YES;
				GCC_WARN_64_TO_32_BIT_CONVERSION = YES;
				GCC_WARN_ABOUT_RETURN_TYPE = YES_ERROR;
				GCC_WARN_UNDECLARED_SELECTOR = YES;
				GCC_WARN_UNINITIALIZED_AUTOS = YES_AGGRESSIVE;
				GCC_WARN_UNUSED_FUNCTION = YES;
				GCC_WARN_UNUSED_VARIABLE = YES;
				IPHONEOS_DEPLOYMENT_TARGET = 8.3;
				MTL_ENABLE_DEBUG_INFO = NO;
				SDKROOT = iphoneos;
				TARGETED_DEVICE_FAMILY = "1,2";
				VALIDATE_PRODUCT = YES;
			};
			name = Release;
		};
		F0ED8B221AD8643100898BFE /* Debug */ = {
			isa = XCBuildConfiguration;
			baseConfigurationReference = BE039ABB00EF3C832ADC9749 /* Pods-Yogi.debug.xcconfig */;
			buildSettings = {
				ALWAYS_SEARCH_USER_PATHS = YES;
				ASSETCATALOG_COMPILER_APPICON_NAME = AppIcon;
				FRAMEWORK_SEARCH_PATHS = "";
				HEADER_SEARCH_PATHS = (
					"$(inherited)",
					"$(SRCROOT)/**",
					/Applications/Xcode.app/Contents/Developer/Toolchains/XcodeDefault.xctoolchain/usr/include,
					"\"${PODS_ROOT}/Headers/Public\"",
					"\"${PODS_ROOT}/Headers/Public/pop\"",
				);
				INFOPLIST_FILE = Yogi/Info.plist;
				LD_RUNPATH_SEARCH_PATHS = "$(inherited) @executable_path/Frameworks";
				OTHER_LDFLAGS = (
					"-ObjC",
					"-l\"c++\"",
				);
				PRODUCT_NAME = "$(TARGET_NAME)";
			};
			name = Debug;
		};
		F0ED8B231AD8643100898BFE /* Release */ = {
			isa = XCBuildConfiguration;
			baseConfigurationReference = 95277365D9E67C42E29A8BD0 /* Pods-Yogi.release.xcconfig */;
			buildSettings = {
				ALWAYS_SEARCH_USER_PATHS = YES;
				ASSETCATALOG_COMPILER_APPICON_NAME = AppIcon;
				FRAMEWORK_SEARCH_PATHS = "";
				HEADER_SEARCH_PATHS = (
					"$(inherited)",
					"$(SRCROOT)/**",
					/Applications/Xcode.app/Contents/Developer/Toolchains/XcodeDefault.xctoolchain/usr/include,
					"\"${PODS_ROOT}/Headers/Public\"",
					"\"${PODS_ROOT}/Headers/Public/pop\"",
				);
				INFOPLIST_FILE = Yogi/Info.plist;
				LD_RUNPATH_SEARCH_PATHS = "$(inherited) @executable_path/Frameworks";
				OTHER_LDFLAGS = (
					"-ObjC",
					"-l\"c++\"",
				);
				PRODUCT_NAME = "$(TARGET_NAME)";
			};
			name = Release;
		};
		F0ED8B251AD8643100898BFE /* Debug */ = {
			isa = XCBuildConfiguration;
			buildSettings = {
				BUNDLE_LOADER = "$(TEST_HOST)";
				FRAMEWORK_SEARCH_PATHS = (
					"$(SDKROOT)/Developer/Library/Frameworks",
					"$(inherited)",
				);
				GCC_PREPROCESSOR_DEFINITIONS = (
					"DEBUG=1",
					"$(inherited)",
				);
				INFOPLIST_FILE = YogiTests/Info.plist;
				LD_RUNPATH_SEARCH_PATHS = "$(inherited) @executable_path/Frameworks @loader_path/Frameworks";
				PRODUCT_NAME = "$(TARGET_NAME)";
				TEST_HOST = "$(BUILT_PRODUCTS_DIR)/Yogi.app/Yogi";
			};
			name = Debug;
		};
		F0ED8B261AD8643100898BFE /* Release */ = {
			isa = XCBuildConfiguration;
			buildSettings = {
				BUNDLE_LOADER = "$(TEST_HOST)";
				FRAMEWORK_SEARCH_PATHS = (
					"$(SDKROOT)/Developer/Library/Frameworks",
					"$(inherited)",
				);
				INFOPLIST_FILE = YogiTests/Info.plist;
				LD_RUNPATH_SEARCH_PATHS = "$(inherited) @executable_path/Frameworks @loader_path/Frameworks";
				PRODUCT_NAME = "$(TARGET_NAME)";
				TEST_HOST = "$(BUILT_PRODUCTS_DIR)/Yogi.app/Yogi";
			};
			name = Release;
		};
/* End XCBuildConfiguration section */

/* Begin XCConfigurationList section */
		F0ED8AF61AD8643100898BFE /* Build configuration list for PBXProject "Yogi" */ = {
			isa = XCConfigurationList;
			buildConfigurations = (
				F0ED8B1F1AD8643100898BFE /* Debug */,
				F0ED8B201AD8643100898BFE /* Release */,
			);
			defaultConfigurationIsVisible = 0;
			defaultConfigurationName = Release;
		};
		F0ED8B211AD8643100898BFE /* Build configuration list for PBXNativeTarget "Yogi" */ = {
			isa = XCConfigurationList;
			buildConfigurations = (
				F0ED8B221AD8643100898BFE /* Debug */,
				F0ED8B231AD8643100898BFE /* Release */,
			);
			defaultConfigurationIsVisible = 0;
			defaultConfigurationName = Release;
		};
		F0ED8B241AD8643100898BFE /* Build configuration list for PBXNativeTarget "YogiTests" */ = {
			isa = XCConfigurationList;
			buildConfigurations = (
				F0ED8B251AD8643100898BFE /* Debug */,
				F0ED8B261AD8643100898BFE /* Release */,
			);
			defaultConfigurationIsVisible = 0;
			defaultConfigurationName = Release;
		};
/* End XCConfigurationList section */
	};
	rootObject = F0ED8AF31AD8643100898BFE /* Project object */;
}
